
Microsoft Visual Studio Solution File, Format Version 12.00
# Visual Studio Version 16
VisualStudioVersion = 16.0.33927.289
MinimumVisualStudioVersion = 10.0.40219.1
Project("{8BC9CEB8-8B4A-11D0-8D11-00A0C91BC942}") = "TP1_Digilio", "TP1_Digilio\TP1_Digilio.vcxproj", "{F4976E57-5632-454C-820A-7A9918EDB431}"
EndProject
Project("{8BC9CEB8-8B4A-11D0-8D11-00A0C91BC942}") = "Exercise_2", "Exercise_2\Exercise_2.vcxproj", "{2DF7BD6A-0F16-4A44-9524-9133DC580276}"
EndProject
Project("{8BC9CEB8-8B4A-11D0-8D11-00A0C91BC942}") = "Exercise_3", "Exercise_3\Exercise_3.vcxproj", "{9338F1A5-2FB1-47ED-A533-C13ADE4F087F}"
EndProject
Global
	GlobalSection(SolutionConfigurationPlatforms) = preSolution
		Debug|x64 = Debug|x64
		Debug|x86 = Debug|x86
		Release|x64 = Release|x64
		Release|x86 = Release|x86
	EndGlobalSection
	GlobalSection(ProjectConfigurationPlatforms) = postSolution
		{F4976E57-5632-454C-820A-7A9918EDB431}.Debug|x64.ActiveCfg = Debug|x64
		{F4976E57-5632-454C-820A-7A9918EDB431}.Debug|x64.Build.0 = Debug|x64
		{F4976E57-5632-454C-820A-7A9918EDB431}.Debug|x86.ActiveCfg = Debug|Win32
		{F4976E57-5632-454C-820A-7A9918EDB431}.Debug|x86.Build.0 = Debug|Win32
		{F4976E57-5632-454C-820A-7A9918EDB431}.Release|x64.ActiveCfg = Release|x64
		{F4976E57-5632-454C-820A-7A9918EDB431}.Release|x64.Build.0 = Release|x64
		{F4976E57-5632-454C-820A-7A9918EDB431}.Release|x86.ActiveCfg = Release|Win32
		{F4976E57-5632-454C-820A-7A9918EDB431}.Release|x86.Build.0 = Release|Win32
		{2DF7BD6A-0F16-4A44-9524-9133DC580276}.Debug|x64.ActiveCfg = Debug|x64
		{2DF7BD6A-0F16-4A44-9524-9133DC580276}.Debug|x64.Build.0 = Debug|x64
		{2DF7BD6A-0F16-4A44-9524-9133DC580276}.Debug|x86.ActiveCfg = Debug|Win32
		{2DF7BD6A-0F16-4A44-9524-9133DC580276}.Debug|x86.Build.0 = Debug|Win32
		{2DF7BD6A-0F16-4A44-9524-9133DC580276}.Release|x64.ActiveCfg = Release|x64
		{2DF7BD6A-0F16-4A44-9524-9133DC580276}.Release|x64.Build.0 = Release|x64
		{2DF7BD6A-0F16-4A44-9524-9133DC580276}.Release|x86.ActiveCfg = Release|Win32
		{2DF7BD6A-0F16-4A44-9524-9133DC580276}.Release|x86.Build.0 = Release|Win32
		{9338F1A5-2FB1-47ED-A533-C13ADE4F087F}.Debug|x64.ActiveCfg = Debug|x64
		{9338F1A5-2FB1-47ED-A533-C13ADE4F087F}.Debug|x64.Build.0 = Debug|x64
		{9338F1A5-2FB1-47ED-A533-C13ADE4F087F}.Debug|x86.ActiveCfg = Debug|Win32
		{9338F1A5-2FB1-47ED-A533-C13ADE4F087F}.Debug|x86.Build.0 = Debug|Win32
		{9338F1A5-2FB1-47ED-A533-C13ADE4F087F}.Release|x64.ActiveCfg = Release|x64
		{9338F1A5-2FB1-47ED-A533-C13ADE4F087F}.Release|x64.Build.0 = Release|x64
		{9338F1A5-2FB1-47ED-A533-C13ADE4F087F}.Release|x86.ActiveCfg = Release|Win32
		{9338F1A5-2FB1-47ED-A533-C13ADE4F087F}.Release|x86.Build.0 = Release|Win32
	EndGlobalSection
	GlobalSection(SolutionProperties) = preSolution
		HideSolutionNode = FALSE
	EndGlobalSection
	GlobalSection(ExtensibilityGlobals) = postSolution
		SolutionGuid = {E3FEABD7-E829-4D0D-9C92-EC3E1AF3273B}
	EndGlobalSection
EndGlobal
